
Microsoft Visual Studio Solution File, Format Version 12.00
# Visual Studio Version 17
VisualStudioVersion = 17.10.35004.147
MinimumVisualStudioVersion = 10.0.40219.1
Project("{9A19103F-16F7-4668-BE54-9A1E7A4F7556}") = "Dfe.Data.SearchPrototype", "Dfe.Data.SearchPrototype\Dfe.Data.SearchPrototype.csproj", "{18B64406-F4DC-4A8D-9934-6A09F9151A18}"
EndProject
Project("{9A19103F-16F7-4668-BE54-9A1E7A4F7556}") = "Dfe.Data.SearchPrototype.Tests", "Dfe.Data.SearchPrototype\Tests\Dfe.Data.SearchPrototype.Tests.csproj", "{0C1D37FD-C53B-4133-856A-2F88F0CF526A}"
EndProject
Project("{9A19103F-16F7-4668-BE54-9A1E7A4F7556}") = "Dfe.Data.SearchPrototype.Web", "Dfe.Data.SearchPrototype\Web\Dfe.Data.SearchPrototype.Web.csproj", "{8881E0AD-2BE0-4737-8E14-F0DBBFA8584B}"
EndProject
Project("{9A19103F-16F7-4668-BE54-9A1E7A4F7556}") = "Dfe.Data.SearchPrototype.Web.Tests", "Dfe.Data.SearchPrototype\Web\Tests\Dfe.Data.SearchPrototype.Web.Tests.csproj", "{068C140B-6A9E-49A3-A523-ED628E36C9B4}"
EndProject
Global
	GlobalSection(SolutionConfigurationPlatforms) = preSolution
		Debug|Any CPU = Debug|Any CPU
		Release|Any CPU = Release|Any CPU
	EndGlobalSection
	GlobalSection(ProjectConfigurationPlatforms) = postSolution
		{18B64406-F4DC-4A8D-9934-6A09F9151A18}.Debug|Any CPU.ActiveCfg = Debug|Any CPU
		{18B64406-F4DC-4A8D-9934-6A09F9151A18}.Debug|Any CPU.Build.0 = Debug|Any CPU
		{18B64406-F4DC-4A8D-9934-6A09F9151A18}.Release|Any CPU.ActiveCfg = Release|Any CPU
		{18B64406-F4DC-4A8D-9934-6A09F9151A18}.Release|Any CPU.Build.0 = Release|Any CPU
		{0C1D37FD-C53B-4133-856A-2F88F0CF526A}.Debug|Any CPU.ActiveCfg = Debug|Any CPU
		{0C1D37FD-C53B-4133-856A-2F88F0CF526A}.Debug|Any CPU.Build.0 = Debug|Any CPU
		{0C1D37FD-C53B-4133-856A-2F88F0CF526A}.Release|Any CPU.ActiveCfg = Release|Any CPU
		{0C1D37FD-C53B-4133-856A-2F88F0CF526A}.Release|Any CPU.Build.0 = Release|Any CPU
		{8881E0AD-2BE0-4737-8E14-F0DBBFA8584B}.Debug|Any CPU.ActiveCfg = Debug|Any CPU
		{8881E0AD-2BE0-4737-8E14-F0DBBFA8584B}.Debug|Any CPU.Build.0 = Debug|Any CPU
		{8881E0AD-2BE0-4737-8E14-F0DBBFA8584B}.Release|Any CPU.ActiveCfg = Release|Any CPU
		{8881E0AD-2BE0-4737-8E14-F0DBBFA8584B}.Release|Any CPU.Build.0 = Release|Any CPU
		{068C140B-6A9E-49A3-A523-ED628E36C9B4}.Debug|Any CPU.ActiveCfg = Debug|Any CPU
		{068C140B-6A9E-49A3-A523-ED628E36C9B4}.Debug|Any CPU.Build.0 = Debug|Any CPU
		{068C140B-6A9E-49A3-A523-ED628E36C9B4}.Release|Any CPU.ActiveCfg = Release|Any CPU
		{068C140B-6A9E-49A3-A523-ED628E36C9B4}.Release|Any CPU.Build.0 = Release|Any CPU
	EndGlobalSection
	GlobalSection(SolutionProperties) = preSolution
		HideSolutionNode = FALSE
	EndGlobalSection
	GlobalSection(ExtensibilityGlobals) = postSolution
		SolutionGuid = {9A4942D1-651F-41CB-8813-7201597A71C6}
	EndGlobalSection
EndGlobal
