
Microsoft Visual Studio Solution File, Format Version 12.00
# Visual Studio Version 17
VisualStudioVersion = 17.10.35004.147
MinimumVisualStudioVersion = 10.0.40219.1
Project("{9A19103F-16F7-4668-BE54-9A1E7A4F7556}") = "Dfe.Data.SearchPrototype", "Dfe.Data.SearchPrototype\Dfe.Data.SearchPrototype.csproj", "{18B64406-F4DC-4A8D-9934-6A09F9151A18}"
EndProject
Project("{9A19103F-16F7-4668-BE54-9A1E7A4F7556}") = "Dfe.Data.SearchPrototype.Tests", "Dfe.Data.SearchPrototype\Tests\Dfe.Data.SearchPrototype.Tests.csproj", "{011C329A-A195-439A-ACED-F20AFF560FE7}"
EndProject
Project("{2150E333-8FDC-42A3-9474-1A3956D46DE8}") = "NuGet", "NuGet", "{0D4ACC06-9FA9-422A-8F92-92B565879E16}"
	ProjectSection(SolutionItems) = preProject
		NuGet\Dfe.Data.Common.Infrastructure.CognitiveSearch.1.0.0.nupkg = NuGet\Dfe.Data.Common.Infrastructure.CognitiveSearch.1.0.0.nupkg
	EndProjectSection
EndProject
Project("{9A19103F-16F7-4668-BE54-9A1E7A4F7556}") = "Dfe.Data.SearchPrototype.Infrastructure", "Dfe.Data.SearchPrototype\Infrastructure\Dfe.Data.SearchPrototype.Infrastructure.csproj", "{95EDB119-5238-451B-944A-84A1F8891171}"
EndProject
Project("{9A19103F-16F7-4668-BE54-9A1E7A4F7556}") = "Dfe.Data.SearchPrototype.Infrastructure.Tests", "Dfe.Data.SearchPrototype\Infrastructure\Tests\Dfe.Data.SearchPrototype.Infrastructure.Tests.csproj", "{62F6B827-75B0-43A6-9323-297F32016D71}"
EndProject
Project("{9A19103F-16F7-4668-BE54-9A1E7A4F7556}") = "Dfe.Data.SearchPrototype.Common", "Dfe.Data.SearchPrototype\Common\Dfe.Data.SearchPrototype.Common.csproj", "{641005EB-1F41-466C-80C2-FA6F59572474}"
EndProject
Global
	GlobalSection(SolutionConfigurationPlatforms) = preSolution
		Debug|Any CPU = Debug|Any CPU
		Release|Any CPU = Release|Any CPU
	EndGlobalSection
	GlobalSection(ProjectConfigurationPlatforms) = postSolution
		{18B64406-F4DC-4A8D-9934-6A09F9151A18}.Debug|Any CPU.ActiveCfg = Debug|Any CPU
		{18B64406-F4DC-4A8D-9934-6A09F9151A18}.Debug|Any CPU.Build.0 = Debug|Any CPU
		{18B64406-F4DC-4A8D-9934-6A09F9151A18}.Release|Any CPU.ActiveCfg = Release|Any CPU
		{18B64406-F4DC-4A8D-9934-6A09F9151A18}.Release|Any CPU.Build.0 = Release|Any CPU
		{011C329A-A195-439A-ACED-F20AFF560FE7}.Debug|Any CPU.ActiveCfg = Debug|Any CPU
		{011C329A-A195-439A-ACED-F20AFF560FE7}.Debug|Any CPU.Build.0 = Debug|Any CPU
		{011C329A-A195-439A-ACED-F20AFF560FE7}.Release|Any CPU.ActiveCfg = Release|Any CPU
		{011C329A-A195-439A-ACED-F20AFF560FE7}.Release|Any CPU.Build.0 = Release|Any CPU
		{95EDB119-5238-451B-944A-84A1F8891171}.Debug|Any CPU.ActiveCfg = Debug|Any CPU
		{95EDB119-5238-451B-944A-84A1F8891171}.Debug|Any CPU.Build.0 = Debug|Any CPU
		{95EDB119-5238-451B-944A-84A1F8891171}.Release|Any CPU.ActiveCfg = Release|Any CPU
		{95EDB119-5238-451B-944A-84A1F8891171}.Release|Any CPU.Build.0 = Release|Any CPU
		{62F6B827-75B0-43A6-9323-297F32016D71}.Debug|Any CPU.ActiveCfg = Debug|Any CPU
		{62F6B827-75B0-43A6-9323-297F32016D71}.Debug|Any CPU.Build.0 = Debug|Any CPU
		{62F6B827-75B0-43A6-9323-297F32016D71}.Release|Any CPU.ActiveCfg = Release|Any CPU
		{62F6B827-75B0-43A6-9323-297F32016D71}.Release|Any CPU.Build.0 = Release|Any CPU
		{641005EB-1F41-466C-80C2-FA6F59572474}.Debug|Any CPU.ActiveCfg = Debug|Any CPU
		{641005EB-1F41-466C-80C2-FA6F59572474}.Debug|Any CPU.Build.0 = Debug|Any CPU
		{641005EB-1F41-466C-80C2-FA6F59572474}.Release|Any CPU.ActiveCfg = Release|Any CPU
		{641005EB-1F41-466C-80C2-FA6F59572474}.Release|Any CPU.Build.0 = Release|Any CPU
	EndGlobalSection
	GlobalSection(SolutionProperties) = preSolution
		HideSolutionNode = FALSE
	EndGlobalSection
	GlobalSection(ExtensibilityGlobals) = postSolution
		SolutionGuid = {9A4942D1-651F-41CB-8813-7201597A71C6}
	EndGlobalSection
EndGlobal
